# This file is automatically @generated by Cargo.
# It is not intended for manual editing.
version = 3

[[package]]
name = "bitflags"
version = "2.9.2"
source = "registry+https://github.com/rust-lang/crates.io-index"
checksum = "6a65b545ab31d687cff52899d4890855fec459eb6afe0da6417b8a18da87aa29"

[[package]]
name = "nes_core"
version = "0.1.0"
dependencies = [
 "bitflags",
]
